// !$*UTF8*$!
{
	archiveVersion = 1;
	classes = {
	};
	objectVersion = 46;
	objects = {

/* Begin PBXBuildFile section */
		43A04C13190566000078E5D9 /* NewsTableViewCell.m in Sources */ = {isa = PBXBuildFile; fileRef = 43A04C12190566000078E5D9 /* NewsTableViewCell.m */; };
		43A207B018FC987E00061C02 /* ResultsTableViewCell.m in Sources */ = {isa = PBXBuildFile; fileRef = 43A207AF18FC987E00061C02 /* ResultsTableViewCell.m */; };
		43C0B86E190F1502007A6CF2 /* NotoSans-Bold.ttf in Resources */ = {isa = PBXBuildFile; fileRef = 43C0B86A190F1502007A6CF2 /* NotoSans-Bold.ttf */; };
		43C0B86F190F1502007A6CF2 /* NotoSans-BoldItalic.ttf in Resources */ = {isa = PBXBuildFile; fileRef = 43C0B86B190F1502007A6CF2 /* NotoSans-BoldItalic.ttf */; };
		43C0B870190F1502007A6CF2 /* NotoSans-Italic.ttf in Resources */ = {isa = PBXBuildFile; fileRef = 43C0B86C190F1502007A6CF2 /* NotoSans-Italic.ttf */; };
		43C0B871190F1502007A6CF2 /* NotoSans-Regular.ttf in Resources */ = {isa = PBXBuildFile; fileRef = 43C0B86D190F1502007A6CF2 /* NotoSans-Regular.ttf */; };
		43C0B88019100518007A6CF2 /* TestFont.m in Sources */ = {isa = PBXBuildFile; fileRef = 43C0B87F19100518007A6CF2 /* TestFont.m */; };
		43C0B89A19107A78007A6CF2 /* nevis.ttf in Resources */ = {isa = PBXBuildFile; fileRef = 43C0B89919107A78007A6CF2 /* nevis.ttf */; };
		43E412FF18FF397D008D7431 /* NewsViewController.m in Sources */ = {isa = PBXBuildFile; fileRef = 43E412FE18FF397D008D7431 /* NewsViewController.m */; };
		DF0A6C2C18FF5FE90064DA6B /* NewsDetailViewController.m in Sources */ = {isa = PBXBuildFile; fileRef = DF0A6C2B18FF5FE90064DA6B /* NewsDetailViewController.m */; };
		DF0B3A7419083BFD00EFCF43 /* AddFriendsViewController.m in Sources */ = {isa = PBXBuildFile; fileRef = DF0B3A7319083BFD00EFCF43 /* AddFriendsViewController.m */; };
		DF11A00D18FD7C6800CAB607 /* FriendProfileViewController.m in Sources */ = {isa = PBXBuildFile; fileRef = DF11A00C18FD7C6800CAB607 /* FriendProfileViewController.m */; };
		DF11A01018FD905500CAB607 /* FriendsFriendsViewController.m in Sources */ = {isa = PBXBuildFile; fileRef = DF11A00F18FD905500CAB607 /* FriendsFriendsViewController.m */; };
		DF11A01318FD9A7400CAB607 /* AllUserBrowseViewController.m in Sources */ = {isa = PBXBuildFile; fileRef = DF11A01218FD9A7400CAB607 /* AllUserBrowseViewController.m */; };
		DF11A01618FD9F8A00CAB607 /* CollectionViewCellWithImageThatFlips.m in Sources */ = {isa = PBXBuildFile; fileRef = DF11A01518FD9F8A00CAB607 /* CollectionViewCellWithImageThatFlips.m */; };
		DF11A01918FDBF3A00CAB607 /* AddFriendButton.m in Sources */ = {isa = PBXBuildFile; fileRef = DF11A01818FDBF3A00CAB607 /* AddFriendButton.m */; };
		DF14E31018FEDD6800E4DDCF /* ShareViewController.m in Sources */ = {isa = PBXBuildFile; fileRef = DF14E30F18FEDD6800E4DDCF /* ShareViewController.m */; };
		DF28E26818FCBD5900E3D4F5 /* FriendsViewController.m in Sources */ = {isa = PBXBuildFile; fileRef = DF28E26718FCBD5900E3D4F5 /* FriendsViewController.m */; };
		DF28E26B18FCC22E00E3D4F5 /* CollectionViewCellWithImage.m in Sources */ = {isa = PBXBuildFile; fileRef = DF28E26A18FCC22E00E3D4F5 /* CollectionViewCellWithImage.m */; };
		DF30B1A6190F3E8E00D2C1C3 /* SeeRecommendationViewController.m in Sources */ = {isa = PBXBuildFile; fileRef = DF30B1A5190F3E8E00D2C1C3 /* SeeRecommendationViewController.m */; };
		DF4DB84F18FC450000C225EC /* Foundation.framework in Frameworks */ = {isa = PBXBuildFile; fileRef = DF4DB84E18FC44FF00C225EC /* Foundation.framework */; };
		DF4DB85118FC450000C225EC /* CoreGraphics.framework in Frameworks */ = {isa = PBXBuildFile; fileRef = DF4DB85018FC450000C225EC /* CoreGraphics.framework */; };
		DF4DB85318FC450000C225EC /* UIKit.framework in Frameworks */ = {isa = PBXBuildFile; fileRef = DF4DB85218FC450000C225EC /* UIKit.framework */; };
		DF4DB85918FC450000C225EC /* InfoPlist.strings in Resources */ = {isa = PBXBuildFile; fileRef = DF4DB85718FC450000C225EC /* InfoPlist.strings */; };
		DF4DB85B18FC450000C225EC /* main.m in Sources */ = {isa = PBXBuildFile; fileRef = DF4DB85A18FC450000C225EC /* main.m */; };
		DF4DB85F18FC450000C225EC /* AppDelegate.m in Sources */ = {isa = PBXBuildFile; fileRef = DF4DB85E18FC450000C225EC /* AppDelegate.m */; };
		DF4DB86718FC450000C225EC /* Images.xcassets in Resources */ = {isa = PBXBuildFile; fileRef = DF4DB86618FC450000C225EC /* Images.xcassets */; };
		DF4DB86E18FC450000C225EC /* XCTest.framework in Frameworks */ = {isa = PBXBuildFile; fileRef = DF4DB86D18FC450000C225EC /* XCTest.framework */; };
		DF4DB86F18FC450000C225EC /* Foundation.framework in Frameworks */ = {isa = PBXBuildFile; fileRef = DF4DB84E18FC44FF00C225EC /* Foundation.framework */; };
		DF4DB87018FC450000C225EC /* UIKit.framework in Frameworks */ = {isa = PBXBuildFile; fileRef = DF4DB85218FC450000C225EC /* UIKit.framework */; };
		DF4DB87818FC450000C225EC /* InfoPlist.strings in Resources */ = {isa = PBXBuildFile; fileRef = DF4DB87618FC450000C225EC /* InfoPlist.strings */; };
		DF4DB87A18FC450000C225EC /* FoodysTests.m in Sources */ = {isa = PBXBuildFile; fileRef = DF4DB87918FC450000C225EC /* FoodysTests.m */; };
		DF4DB88418FC4A0300C225EC /* SystemConfiguration.framework in Frameworks */ = {isa = PBXBuildFile; fileRef = DF4DB88318FC4A0300C225EC /* SystemConfiguration.framework */; };
		DF4DB88618FC4A0D00C225EC /* StoreKit.framework in Frameworks */ = {isa = PBXBuildFile; fileRef = DF4DB88518FC4A0D00C225EC /* StoreKit.framework */; };
		DF4DB88818FC4A1800C225EC /* Security.framework in Frameworks */ = {isa = PBXBuildFile; fileRef = DF4DB88718FC4A1800C225EC /* Security.framework */; };
		DF4DB88A18FC4A2500C225EC /* QuartzCore.framework in Frameworks */ = {isa = PBXBuildFile; fileRef = DF4DB88918FC4A2500C225EC /* QuartzCore.framework */; };
		DF4DB88C18FC4A2F00C225EC /* MobileCoreServices.framework in Frameworks */ = {isa = PBXBuildFile; fileRef = DF4DB88B18FC4A2F00C225EC /* MobileCoreServices.framework */; };
		DF4DB88E18FC4A3900C225EC /* libz.dylib in Frameworks */ = {isa = PBXBuildFile; fileRef = DF4DB88D18FC4A3900C225EC /* libz.dylib */; };
		DF4DB89018FC4A4400C225EC /* CoreLocation.framework in Frameworks */ = {isa = PBXBuildFile; fileRef = DF4DB88F18FC4A4400C225EC /* CoreLocation.framework */; };
		DF4DB89218FC4A4E00C225EC /* CFNetwork.framework in Frameworks */ = {isa = PBXBuildFile; fileRef = DF4DB89118FC4A4E00C225EC /* CFNetwork.framework */; };
		DF4DB89418FC4A5900C225EC /* AudioToolbox.framework in Frameworks */ = {isa = PBXBuildFile; fileRef = DF4DB89318FC4A5900C225EC /* AudioToolbox.framework */; };
		DF4DB89718FC4A8B00C225EC /* Parse.framework in Frameworks */ = {isa = PBXBuildFile; fileRef = DF4DB89618FC4A8B00C225EC /* Parse.framework */; };
		DF4DB89A18FC4EFF00C225EC /* SearchViewController.m in Sources */ = {isa = PBXBuildFile; fileRef = DF4DB89918FC4EFF00C225EC /* SearchViewController.m */; };
		DF4DB89D18FC4F2B00C225EC /* RestaurantViewController.m in Sources */ = {isa = PBXBuildFile; fileRef = DF4DB89C18FC4F2B00C225EC /* RestaurantViewController.m */; };
		DF4DB8A018FC4FBC00C225EC /* SignInViewController.m in Sources */ = {isa = PBXBuildFile; fileRef = DF4DB89F18FC4FBC00C225EC /* SignInViewController.m */; };
		DF4DB8A318FC505400C225EC /* LogInViewController.m in Sources */ = {isa = PBXBuildFile; fileRef = DF4DB8A218FC505400C225EC /* LogInViewController.m */; };
		DF4DB8A618FC508800C225EC /* ProfileViewController.m in Sources */ = {isa = PBXBuildFile; fileRef = DF4DB8A518FC508800C225EC /* ProfileViewController.m */; };
		DF4DB8A818FC60B200C225EC /* Storyboard.storyboard in Resources */ = {isa = PBXBuildFile; fileRef = DF4DB8A718FC60B200C225EC /* Storyboard.storyboard */; };
		DF4DB8AB18FC706D00C225EC /* ShowMoreResultsViewController.m in Sources */ = {isa = PBXBuildFile; fileRef = DF4DB8AA18FC706D00C225EC /* ShowMoreResultsViewController.m */; };
		DF4DB8EE18FC784900C225EC /* MapKit.framework in Frameworks */ = {isa = PBXBuildFile; fileRef = DF4DB8ED18FC784900C225EC /* MapKit.framework */; };
		DFE1B0FE1900E9CA0090F929 /* RestaurantMenuTableViewCell.m in Sources */ = {isa = PBXBuildFile; fileRef = DFE1B0FD1900E9CA0090F929 /* RestaurantMenuTableViewCell.m */; };
		DFF5021B1902136500EA4D80 /* AdvancedSearchViewController.m in Sources */ = {isa = PBXBuildFile; fileRef = DFF5021A1902136500EA4D80 /* AdvancedSearchViewController.m */; };
		DFF936FE19043BBD00843509 /* WebViewController.m in Sources */ = {isa = PBXBuildFile; fileRef = DFF936FD19043BBD00843509 /* WebViewController.m */; };
/* End PBXBuildFile section */

/* Begin PBXContainerItemProxy section */
		DF4DB87118FC450000C225EC /* PBXContainerItemProxy */ = {
			isa = PBXContainerItemProxy;
			containerPortal = DF4DB84318FC44FF00C225EC /* Project object */;
			proxyType = 1;
			remoteGlobalIDString = DF4DB84A18FC44FF00C225EC;
			remoteInfo = Foodys;
		};
/* End PBXContainerItemProxy section */

/* Begin PBXFileReference section */
		43A04C11190566000078E5D9 /* NewsTableViewCell.h */ = {isa = PBXFileReference; fileEncoding = 4; lastKnownFileType = sourcecode.c.h; path = NewsTableViewCell.h; sourceTree = "<group>"; };
		43A04C12190566000078E5D9 /* NewsTableViewCell.m */ = {isa = PBXFileReference; fileEncoding = 4; lastKnownFileType = sourcecode.c.objc; path = NewsTableViewCell.m; sourceTree = "<group>"; };
		43A207AE18FC987E00061C02 /* ResultsTableViewCell.h */ = {isa = PBXFileReference; fileEncoding = 4; lastKnownFileType = sourcecode.c.h; path = ResultsTableViewCell.h; sourceTree = "<group>"; };
		43A207AF18FC987E00061C02 /* ResultsTableViewCell.m */ = {isa = PBXFileReference; fileEncoding = 4; lastKnownFileType = sourcecode.c.objc; path = ResultsTableViewCell.m; sourceTree = "<group>"; };
		43C0B86A190F1502007A6CF2 /* NotoSans-Bold.ttf */ = {isa = PBXFileReference; lastKnownFileType = file; path = "NotoSans-Bold.ttf"; sourceTree = "<group>"; };
		43C0B86B190F1502007A6CF2 /* NotoSans-BoldItalic.ttf */ = {isa = PBXFileReference; lastKnownFileType = file; path = "NotoSans-BoldItalic.ttf"; sourceTree = "<group>"; };
		43C0B86C190F1502007A6CF2 /* NotoSans-Italic.ttf */ = {isa = PBXFileReference; lastKnownFileType = file; path = "NotoSans-Italic.ttf"; sourceTree = "<group>"; };
		43C0B86D190F1502007A6CF2 /* NotoSans-Regular.ttf */ = {isa = PBXFileReference; lastKnownFileType = file; path = "NotoSans-Regular.ttf"; sourceTree = "<group>"; };
		43C0B87E19100518007A6CF2 /* TestFont.h */ = {isa = PBXFileReference; fileEncoding = 4; lastKnownFileType = sourcecode.c.h; path = TestFont.h; sourceTree = "<group>"; };
		43C0B87F19100518007A6CF2 /* TestFont.m */ = {isa = PBXFileReference; fileEncoding = 4; lastKnownFileType = sourcecode.c.objc; path = TestFont.m; sourceTree = "<group>"; };
		43C0B89919107A78007A6CF2 /* nevis.ttf */ = {isa = PBXFileReference; lastKnownFileType = file; path = nevis.ttf; sourceTree = "<group>"; };
		43E412FD18FF397D008D7431 /* NewsViewController.h */ = {isa = PBXFileReference; fileEncoding = 4; lastKnownFileType = sourcecode.c.h; path = NewsViewController.h; sourceTree = "<group>"; };
		43E412FE18FF397D008D7431 /* NewsViewController.m */ = {isa = PBXFileReference; fileEncoding = 4; lastKnownFileType = sourcecode.c.objc; path = NewsViewController.m; sourceTree = "<group>"; };
		DF0A6C2A18FF5FE90064DA6B /* NewsDetailViewController.h */ = {isa = PBXFileReference; fileEncoding = 4; lastKnownFileType = sourcecode.c.h; path = NewsDetailViewController.h; sourceTree = "<group>"; };
		DF0A6C2B18FF5FE90064DA6B /* NewsDetailViewController.m */ = {isa = PBXFileReference; fileEncoding = 4; lastKnownFileType = sourcecode.c.objc; path = NewsDetailViewController.m; sourceTree = "<group>"; };
		DF0B3A7219083BFD00EFCF43 /* AddFriendsViewController.h */ = {isa = PBXFileReference; fileEncoding = 4; lastKnownFileType = sourcecode.c.h; path = AddFriendsViewController.h; sourceTree = "<group>"; };
		DF0B3A7319083BFD00EFCF43 /* AddFriendsViewController.m */ = {isa = PBXFileReference; fileEncoding = 4; lastKnownFileType = sourcecode.c.objc; path = AddFriendsViewController.m; sourceTree = "<group>"; };
		DF11A00B18FD7C6800CAB607 /* FriendProfileViewController.h */ = {isa = PBXFileReference; fileEncoding = 4; lastKnownFileType = sourcecode.c.h; path = FriendProfileViewController.h; sourceTree = "<group>"; };
		DF11A00C18FD7C6800CAB607 /* FriendProfileViewController.m */ = {isa = PBXFileReference; fileEncoding = 4; lastKnownFileType = sourcecode.c.objc; path = FriendProfileViewController.m; sourceTree = "<group>"; };
		DF11A00E18FD905500CAB607 /* FriendsFriendsViewController.h */ = {isa = PBXFileReference; fileEncoding = 4; lastKnownFileType = sourcecode.c.h; path = FriendsFriendsViewController.h; sourceTree = "<group>"; };
		DF11A00F18FD905500CAB607 /* FriendsFriendsViewController.m */ = {isa = PBXFileReference; fileEncoding = 4; lastKnownFileType = sourcecode.c.objc; path = FriendsFriendsViewController.m; sourceTree = "<group>"; };
		DF11A01118FD9A7400CAB607 /* AllUserBrowseViewController.h */ = {isa = PBXFileReference; fileEncoding = 4; lastKnownFileType = sourcecode.c.h; path = AllUserBrowseViewController.h; sourceTree = "<group>"; };
		DF11A01218FD9A7400CAB607 /* AllUserBrowseViewController.m */ = {isa = PBXFileReference; fileEncoding = 4; lastKnownFileType = sourcecode.c.objc; path = AllUserBrowseViewController.m; sourceTree = "<group>"; };
		DF11A01418FD9F8A00CAB607 /* CollectionViewCellWithImageThatFlips.h */ = {isa = PBXFileReference; fileEncoding = 4; lastKnownFileType = sourcecode.c.h; path = CollectionViewCellWithImageThatFlips.h; sourceTree = "<group>"; };
		DF11A01518FD9F8A00CAB607 /* CollectionViewCellWithImageThatFlips.m */ = {isa = PBXFileReference; fileEncoding = 4; lastKnownFileType = sourcecode.c.objc; path = CollectionViewCellWithImageThatFlips.m; sourceTree = "<group>"; };
		DF11A01718FDBF3A00CAB607 /* AddFriendButton.h */ = {isa = PBXFileReference; fileEncoding = 4; lastKnownFileType = sourcecode.c.h; path = AddFriendButton.h; sourceTree = "<group>"; };
		DF11A01818FDBF3A00CAB607 /* AddFriendButton.m */ = {isa = PBXFileReference; fileEncoding = 4; lastKnownFileType = sourcecode.c.objc; path = AddFriendButton.m; sourceTree = "<group>"; };
		DF14E30E18FEDD6800E4DDCF /* ShareViewController.h */ = {isa = PBXFileReference; fileEncoding = 4; lastKnownFileType = sourcecode.c.h; path = ShareViewController.h; sourceTree = "<group>"; };
		DF14E30F18FEDD6800E4DDCF /* ShareViewController.m */ = {isa = PBXFileReference; fileEncoding = 4; lastKnownFileType = sourcecode.c.objc; path = ShareViewController.m; sourceTree = "<group>"; };
		DF28E26618FCBD5900E3D4F5 /* FriendsViewController.h */ = {isa = PBXFileReference; fileEncoding = 4; lastKnownFileType = sourcecode.c.h; path = FriendsViewController.h; sourceTree = "<group>"; };
		DF28E26718FCBD5900E3D4F5 /* FriendsViewController.m */ = {isa = PBXFileReference; fileEncoding = 4; lastKnownFileType = sourcecode.c.objc; path = FriendsViewController.m; sourceTree = "<group>"; };
		DF28E26918FCC22E00E3D4F5 /* CollectionViewCellWithImage.h */ = {isa = PBXFileReference; fileEncoding = 4; lastKnownFileType = sourcecode.c.h; path = CollectionViewCellWithImage.h; sourceTree = "<group>"; };
		DF28E26A18FCC22E00E3D4F5 /* CollectionViewCellWithImage.m */ = {isa = PBXFileReference; fileEncoding = 4; lastKnownFileType = sourcecode.c.objc; path = CollectionViewCellWithImage.m; sourceTree = "<group>"; };
		DF30B1A4190F3E8E00D2C1C3 /* SeeRecommendationViewController.h */ = {isa = PBXFileReference; fileEncoding = 4; lastKnownFileType = sourcecode.c.h; path = SeeRecommendationViewController.h; sourceTree = "<group>"; };
		DF30B1A5190F3E8E00D2C1C3 /* SeeRecommendationViewController.m */ = {isa = PBXFileReference; fileEncoding = 4; lastKnownFileType = sourcecode.c.objc; path = SeeRecommendationViewController.m; sourceTree = "<group>"; };
		DF4DB84B18FC44FF00C225EC /* Foodys.app */ = {isa = PBXFileReference; explicitFileType = wrapper.application; includeInIndex = 0; path = Foodys.app; sourceTree = BUILT_PRODUCTS_DIR; };
		DF4DB84E18FC44FF00C225EC /* Foundation.framework */ = {isa = PBXFileReference; lastKnownFileType = wrapper.framework; name = Foundation.framework; path = System/Library/Frameworks/Foundation.framework; sourceTree = SDKROOT; };
		DF4DB85018FC450000C225EC /* CoreGraphics.framework */ = {isa = PBXFileReference; lastKnownFileType = wrapper.framework; name = CoreGraphics.framework; path = System/Library/Frameworks/CoreGraphics.framework; sourceTree = SDKROOT; };
		DF4DB85218FC450000C225EC /* UIKit.framework */ = {isa = PBXFileReference; lastKnownFileType = wrapper.framework; name = UIKit.framework; path = System/Library/Frameworks/UIKit.framework; sourceTree = SDKROOT; };
		DF4DB85618FC450000C225EC /* Foodys-Info.plist */ = {isa = PBXFileReference; lastKnownFileType = text.plist.xml; path = "Foodys-Info.plist"; sourceTree = "<group>"; };
		DF4DB85818FC450000C225EC /* en */ = {isa = PBXFileReference; lastKnownFileType = text.plist.strings; name = en; path = en.lproj/InfoPlist.strings; sourceTree = "<group>"; };
		DF4DB85A18FC450000C225EC /* main.m */ = {isa = PBXFileReference; lastKnownFileType = sourcecode.c.objc; path = main.m; sourceTree = "<group>"; };
		DF4DB85C18FC450000C225EC /* Foodys-Prefix.pch */ = {isa = PBXFileReference; lastKnownFileType = sourcecode.c.h; path = "Foodys-Prefix.pch"; sourceTree = "<group>"; };
		DF4DB85D18FC450000C225EC /* AppDelegate.h */ = {isa = PBXFileReference; lastKnownFileType = sourcecode.c.h; path = AppDelegate.h; sourceTree = "<group>"; };
		DF4DB85E18FC450000C225EC /* AppDelegate.m */ = {isa = PBXFileReference; lastKnownFileType = sourcecode.c.objc; path = AppDelegate.m; sourceTree = "<group>"; };
		DF4DB86618FC450000C225EC /* Images.xcassets */ = {isa = PBXFileReference; lastKnownFileType = folder.assetcatalog; path = Images.xcassets; sourceTree = "<group>"; };
		DF4DB86C18FC450000C225EC /* FoodysTests.xctest */ = {isa = PBXFileReference; explicitFileType = wrapper.cfbundle; includeInIndex = 0; path = FoodysTests.xctest; sourceTree = BUILT_PRODUCTS_DIR; };
		DF4DB86D18FC450000C225EC /* XCTest.framework */ = {isa = PBXFileReference; lastKnownFileType = wrapper.framework; name = XCTest.framework; path = Library/Frameworks/XCTest.framework; sourceTree = DEVELOPER_DIR; };
		DF4DB87518FC450000C225EC /* FoodysTests-Info.plist */ = {isa = PBXFileReference; lastKnownFileType = text.plist.xml; path = "FoodysTests-Info.plist"; sourceTree = "<group>"; };
		DF4DB87718FC450000C225EC /* en */ = {isa = PBXFileReference; lastKnownFileType = text.plist.strings; name = en; path = en.lproj/InfoPlist.strings; sourceTree = "<group>"; };
		DF4DB87918FC450000C225EC /* FoodysTests.m */ = {isa = PBXFileReference; lastKnownFileType = sourcecode.c.objc; path = FoodysTests.m; sourceTree = "<group>"; };
		DF4DB88318FC4A0300C225EC /* SystemConfiguration.framework */ = {isa = PBXFileReference; lastKnownFileType = wrapper.framework; name = SystemConfiguration.framework; path = System/Library/Frameworks/SystemConfiguration.framework; sourceTree = SDKROOT; };
		DF4DB88518FC4A0D00C225EC /* StoreKit.framework */ = {isa = PBXFileReference; lastKnownFileType = wrapper.framework; name = StoreKit.framework; path = System/Library/Frameworks/StoreKit.framework; sourceTree = SDKROOT; };
		DF4DB88718FC4A1800C225EC /* Security.framework */ = {isa = PBXFileReference; lastKnownFileType = wrapper.framework; name = Security.framework; path = System/Library/Frameworks/Security.framework; sourceTree = SDKROOT; };
		DF4DB88918FC4A2500C225EC /* QuartzCore.framework */ = {isa = PBXFileReference; lastKnownFileType = wrapper.framework; name = QuartzCore.framework; path = System/Library/Frameworks/QuartzCore.framework; sourceTree = SDKROOT; };
		DF4DB88B18FC4A2F00C225EC /* MobileCoreServices.framework */ = {isa = PBXFileReference; lastKnownFileType = wrapper.framework; name = MobileCoreServices.framework; path = System/Library/Frameworks/MobileCoreServices.framework; sourceTree = SDKROOT; };
		DF4DB88D18FC4A3900C225EC /* libz.dylib */ = {isa = PBXFileReference; lastKnownFileType = "compiled.mach-o.dylib"; name = libz.dylib; path = usr/lib/libz.dylib; sourceTree = SDKROOT; };
		DF4DB88F18FC4A4400C225EC /* CoreLocation.framework */ = {isa = PBXFileReference; lastKnownFileType = wrapper.framework; name = CoreLocation.framework; path = System/Library/Frameworks/CoreLocation.framework; sourceTree = SDKROOT; };
		DF4DB89118FC4A4E00C225EC /* CFNetwork.framework */ = {isa = PBXFileReference; lastKnownFileType = wrapper.framework; name = CFNetwork.framework; path = System/Library/Frameworks/CFNetwork.framework; sourceTree = SDKROOT; };
		DF4DB89318FC4A5900C225EC /* AudioToolbox.framework */ = {isa = PBXFileReference; lastKnownFileType = wrapper.framework; name = AudioToolbox.framework; path = System/Library/Frameworks/AudioToolbox.framework; sourceTree = SDKROOT; };
		DF4DB89618FC4A8B00C225EC /* Parse.framework */ = {isa = PBXFileReference; lastKnownFileType = wrapper.framework; path = Parse.framework; sourceTree = "<group>"; };
		DF4DB89818FC4EFF00C225EC /* SearchViewController.h */ = {isa = PBXFileReference; fileEncoding = 4; lastKnownFileType = sourcecode.c.h; path = SearchViewController.h; sourceTree = "<group>"; };
		DF4DB89918FC4EFF00C225EC /* SearchViewController.m */ = {isa = PBXFileReference; fileEncoding = 4; lastKnownFileType = sourcecode.c.objc; path = SearchViewController.m; sourceTree = "<group>"; };
		DF4DB89B18FC4F2B00C225EC /* RestaurantViewController.h */ = {isa = PBXFileReference; fileEncoding = 4; lastKnownFileType = sourcecode.c.h; path = RestaurantViewController.h; sourceTree = "<group>"; };
		DF4DB89C18FC4F2B00C225EC /* RestaurantViewController.m */ = {isa = PBXFileReference; fileEncoding = 4; lastKnownFileType = sourcecode.c.objc; path = RestaurantViewController.m; sourceTree = "<group>"; };
		DF4DB89E18FC4FBC00C225EC /* SignInViewController.h */ = {isa = PBXFileReference; fileEncoding = 4; lastKnownFileType = sourcecode.c.h; path = SignInViewController.h; sourceTree = "<group>"; };
		DF4DB89F18FC4FBC00C225EC /* SignInViewController.m */ = {isa = PBXFileReference; fileEncoding = 4; lastKnownFileType = sourcecode.c.objc; path = SignInViewController.m; sourceTree = "<group>"; };
		DF4DB8A118FC505400C225EC /* LogInViewController.h */ = {isa = PBXFileReference; fileEncoding = 4; lastKnownFileType = sourcecode.c.h; path = LogInViewController.h; sourceTree = "<group>"; };
		DF4DB8A218FC505400C225EC /* LogInViewController.m */ = {isa = PBXFileReference; fileEncoding = 4; lastKnownFileType = sourcecode.c.objc; path = LogInViewController.m; sourceTree = "<group>"; };
		DF4DB8A418FC508800C225EC /* ProfileViewController.h */ = {isa = PBXFileReference; fileEncoding = 4; lastKnownFileType = sourcecode.c.h; path = ProfileViewController.h; sourceTree = "<group>"; };
		DF4DB8A518FC508800C225EC /* ProfileViewController.m */ = {isa = PBXFileReference; fileEncoding = 4; lastKnownFileType = sourcecode.c.objc; path = ProfileViewController.m; sourceTree = "<group>"; };
		DF4DB8A718FC60B200C225EC /* Storyboard.storyboard */ = {isa = PBXFileReference; fileEncoding = 4; lastKnownFileType = file.storyboard; path = Storyboard.storyboard; sourceTree = "<group>"; };
		DF4DB8A918FC706D00C225EC /* ShowMoreResultsViewController.h */ = {isa = PBXFileReference; fileEncoding = 4; lastKnownFileType = sourcecode.c.h; path = ShowMoreResultsViewController.h; sourceTree = "<group>"; };
		DF4DB8AA18FC706D00C225EC /* ShowMoreResultsViewController.m */ = {isa = PBXFileReference; fileEncoding = 4; lastKnownFileType = sourcecode.c.objc; path = ShowMoreResultsViewController.m; sourceTree = "<group>"; };
		DF4DB8ED18FC784900C225EC /* MapKit.framework */ = {isa = PBXFileReference; lastKnownFileType = wrapper.framework; name = MapKit.framework; path = System/Library/Frameworks/MapKit.framework; sourceTree = SDKROOT; };
		DFE1B0FC1900E9CA0090F929 /* RestaurantMenuTableViewCell.h */ = {isa = PBXFileReference; fileEncoding = 4; lastKnownFileType = sourcecode.c.h; path = RestaurantMenuTableViewCell.h; sourceTree = "<group>"; };
		DFE1B0FD1900E9CA0090F929 /* RestaurantMenuTableViewCell.m */ = {isa = PBXFileReference; fileEncoding = 4; lastKnownFileType = sourcecode.c.objc; path = RestaurantMenuTableViewCell.m; sourceTree = "<group>"; };
		DFF502191902136500EA4D80 /* AdvancedSearchViewController.h */ = {isa = PBXFileReference; fileEncoding = 4; lastKnownFileType = sourcecode.c.h; path = AdvancedSearchViewController.h; sourceTree = "<group>"; };
		DFF5021A1902136500EA4D80 /* AdvancedSearchViewController.m */ = {isa = PBXFileReference; fileEncoding = 4; lastKnownFileType = sourcecode.c.objc; path = AdvancedSearchViewController.m; sourceTree = "<group>"; };
		DFF936FC19043BBD00843509 /* WebViewController.h */ = {isa = PBXFileReference; fileEncoding = 4; lastKnownFileType = sourcecode.c.h; path = WebViewController.h; sourceTree = "<group>"; };
		DFF936FD19043BBD00843509 /* WebViewController.m */ = {isa = PBXFileReference; fileEncoding = 4; lastKnownFileType = sourcecode.c.objc; path = WebViewController.m; sourceTree = "<group>"; };
/* End PBXFileReference section */

/* Begin PBXFrameworksBuildPhase section */
		DF4DB84818FC44FF00C225EC /* Frameworks */ = {
			isa = PBXFrameworksBuildPhase;
			buildActionMask = 2147483647;
			files = (
				DF4DB8EE18FC784900C225EC /* MapKit.framework in Frameworks */,
				DF4DB89418FC4A5900C225EC /* AudioToolbox.framework in Frameworks */,
				DF4DB89218FC4A4E00C225EC /* CFNetwork.framework in Frameworks */,
				DF4DB89018FC4A4400C225EC /* CoreLocation.framework in Frameworks */,
				DF4DB88E18FC4A3900C225EC /* libz.dylib in Frameworks */,
				DF4DB88C18FC4A2F00C225EC /* MobileCoreServices.framework in Frameworks */,
				DF4DB88A18FC4A2500C225EC /* QuartzCore.framework in Frameworks */,
				DF4DB88818FC4A1800C225EC /* Security.framework in Frameworks */,
				DF4DB88618FC4A0D00C225EC /* StoreKit.framework in Frameworks */,
				DF4DB88418FC4A0300C225EC /* SystemConfiguration.framework in Frameworks */,
				DF4DB89718FC4A8B00C225EC /* Parse.framework in Frameworks */,
				DF4DB85118FC450000C225EC /* CoreGraphics.framework in Frameworks */,
				DF4DB85318FC450000C225EC /* UIKit.framework in Frameworks */,
				DF4DB84F18FC450000C225EC /* Foundation.framework in Frameworks */,
			);
			runOnlyForDeploymentPostprocessing = 0;
		};
		DF4DB86918FC450000C225EC /* Frameworks */ = {
			isa = PBXFrameworksBuildPhase;
			buildActionMask = 2147483647;
			files = (
				DF4DB86E18FC450000C225EC /* XCTest.framework in Frameworks */,
				DF4DB87018FC450000C225EC /* UIKit.framework in Frameworks */,
				DF4DB86F18FC450000C225EC /* Foundation.framework in Frameworks */,
			);
			runOnlyForDeploymentPostprocessing = 0;
		};
/* End PBXFrameworksBuildPhase section */

/* Begin PBXGroup section */
		43C0B869190F1502007A6CF2 /* NotoSans 2 */ = {
			isa = PBXGroup;
			children = (
				43C0B86A190F1502007A6CF2 /* NotoSans-Bold.ttf */,
				43C0B86B190F1502007A6CF2 /* NotoSans-BoldItalic.ttf */,
				43C0B86C190F1502007A6CF2 /* NotoSans-Italic.ttf */,
				43C0B86D190F1502007A6CF2 /* NotoSans-Regular.ttf */,
				43C0B89919107A78007A6CF2 /* nevis.ttf */,
			);
			name = "NotoSans 2";
			path = NotoSans;
			sourceTree = "<group>";
		};
		DF4DB84218FC44FF00C225EC = {
			isa = PBXGroup;
			children = (
				DF4DB85418FC450000C225EC /* Foodys */,
				DF4DB87318FC450000C225EC /* FoodysTests */,
				DF4DB84D18FC44FF00C225EC /* Frameworks */,
				DF4DB84C18FC44FF00C225EC /* Products */,
			);
			sourceTree = "<group>";
		};
		DF4DB84C18FC44FF00C225EC /* Products */ = {
			isa = PBXGroup;
			children = (
				DF4DB84B18FC44FF00C225EC /* Foodys.app */,
				DF4DB86C18FC450000C225EC /* FoodysTests.xctest */,
			);
			name = Products;
			sourceTree = "<group>";
		};
		DF4DB84D18FC44FF00C225EC /* Frameworks */ = {
			isa = PBXGroup;
			children = (
				DF4DB8ED18FC784900C225EC /* MapKit.framework */,
				DF4DB89618FC4A8B00C225EC /* Parse.framework */,
				DF4DB89318FC4A5900C225EC /* AudioToolbox.framework */,
				DF4DB89118FC4A4E00C225EC /* CFNetwork.framework */,
				DF4DB88F18FC4A4400C225EC /* CoreLocation.framework */,
				DF4DB88D18FC4A3900C225EC /* libz.dylib */,
				DF4DB88B18FC4A2F00C225EC /* MobileCoreServices.framework */,
				DF4DB88918FC4A2500C225EC /* QuartzCore.framework */,
				DF4DB88718FC4A1800C225EC /* Security.framework */,
				DF4DB88518FC4A0D00C225EC /* StoreKit.framework */,
				DF4DB88318FC4A0300C225EC /* SystemConfiguration.framework */,
				DF4DB84E18FC44FF00C225EC /* Foundation.framework */,
				DF4DB85018FC450000C225EC /* CoreGraphics.framework */,
				DF4DB85218FC450000C225EC /* UIKit.framework */,
				DF4DB86D18FC450000C225EC /* XCTest.framework */,
			);
			name = Frameworks;
			sourceTree = "<group>";
		};
		DF4DB85418FC450000C225EC /* Foodys */ = {
			isa = PBXGroup;
			children = (
				43C0B869190F1502007A6CF2 /* NotoSans 2 */,
				DF4DB85D18FC450000C225EC /* AppDelegate.h */,
				DF4DB85E18FC450000C225EC /* AppDelegate.m */,
				DF4DB8A118FC505400C225EC /* LogInViewController.h */,
				DF4DB8A218FC505400C225EC /* LogInViewController.m */,
				DF4DB89E18FC4FBC00C225EC /* SignInViewController.h */,
				DF4DB89F18FC4FBC00C225EC /* SignInViewController.m */,
				DF4DB89818FC4EFF00C225EC /* SearchViewController.h */,
				DF4DB89918FC4EFF00C225EC /* SearchViewController.m */,
				DF4DB8A918FC706D00C225EC /* ShowMoreResultsViewController.h */,
				DF4DB8AA18FC706D00C225EC /* ShowMoreResultsViewController.m */,
				DF4DB89B18FC4F2B00C225EC /* RestaurantViewController.h */,
				DF4DB89C18FC4F2B00C225EC /* RestaurantViewController.m */,
				DF14E30E18FEDD6800E4DDCF /* ShareViewController.h */,
				DF14E30F18FEDD6800E4DDCF /* ShareViewController.m */,
				DFF936FC19043BBD00843509 /* WebViewController.h */,
				DFF936FD19043BBD00843509 /* WebViewController.m */,
				43E412FD18FF397D008D7431 /* NewsViewController.h */,
				43E412FE18FF397D008D7431 /* NewsViewController.m */,
				DF0A6C2A18FF5FE90064DA6B /* NewsDetailViewController.h */,
				DF0A6C2B18FF5FE90064DA6B /* NewsDetailViewController.m */,
				DF30B1A4190F3E8E00D2C1C3 /* SeeRecommendationViewController.h */,
				DF30B1A5190F3E8E00D2C1C3 /* SeeRecommendationViewController.m */,
				DF4DB8A418FC508800C225EC /* ProfileViewController.h */,
				DF4DB8A518FC508800C225EC /* ProfileViewController.m */,
				DF28E26618FCBD5900E3D4F5 /* FriendsViewController.h */,
				DF28E26718FCBD5900E3D4F5 /* FriendsViewController.m */,
				DF11A01118FD9A7400CAB607 /* AllUserBrowseViewController.h */,
				DF11A01218FD9A7400CAB607 /* AllUserBrowseViewController.m */,
				DF0B3A7219083BFD00EFCF43 /* AddFriendsViewController.h */,
				DF0B3A7319083BFD00EFCF43 /* AddFriendsViewController.m */,
				DF11A00B18FD7C6800CAB607 /* FriendProfileViewController.h */,
				DF11A00C18FD7C6800CAB607 /* FriendProfileViewController.m */,
				DF11A00E18FD905500CAB607 /* FriendsFriendsViewController.h */,
				DF11A00F18FD905500CAB607 /* FriendsFriendsViewController.m */,
				DFF502191902136500EA4D80 /* AdvancedSearchViewController.h */,
				DFF5021A1902136500EA4D80 /* AdvancedSearchViewController.m */,
				DF4DB8A718FC60B200C225EC /* Storyboard.storyboard */,
				43A207AE18FC987E00061C02 /* ResultsTableViewCell.h */,
				43A207AF18FC987E00061C02 /* ResultsTableViewCell.m */,
				43A04C11190566000078E5D9 /* NewsTableViewCell.h */,
				43A04C12190566000078E5D9 /* NewsTableViewCell.m */,
				DF4DB86618FC450000C225EC /* Images.xcassets */,
				DFE1B0FC1900E9CA0090F929 /* RestaurantMenuTableViewCell.h */,
				DFE1B0FD1900E9CA0090F929 /* RestaurantMenuTableViewCell.m */,
				DF11A01718FDBF3A00CAB607 /* AddFriendButton.h */,
				DF11A01818FDBF3A00CAB607 /* AddFriendButton.m */,
				DF28E26918FCC22E00E3D4F5 /* CollectionViewCellWithImage.h */,
				DF28E26A18FCC22E00E3D4F5 /* CollectionViewCellWithImage.m */,
				DF11A01418FD9F8A00CAB607 /* CollectionViewCellWithImageThatFlips.h */,
				DF11A01518FD9F8A00CAB607 /* CollectionViewCellWithImageThatFlips.m */,
				43C0B87E19100518007A6CF2 /* TestFont.h */,
				43C0B87F19100518007A6CF2 /* TestFont.m */,
				DF4DB85518FC450000C225EC /* Supporting Files */,
			);
			path = Foodys;
			sourceTree = "<group>";
		};
		DF4DB85518FC450000C225EC /* Supporting Files */ = {
			isa = PBXGroup;
			children = (
				DF4DB85618FC450000C225EC /* Foodys-Info.plist */,
				DF4DB85718FC450000C225EC /* InfoPlist.strings */,
				DF4DB85A18FC450000C225EC /* main.m */,
				DF4DB85C18FC450000C225EC /* Foodys-Prefix.pch */,
			);
			name = "Supporting Files";
			sourceTree = "<group>";
		};
		DF4DB87318FC450000C225EC /* FoodysTests */ = {
			isa = PBXGroup;
			children = (
				DF4DB87918FC450000C225EC /* FoodysTests.m */,
				DF4DB87418FC450000C225EC /* Supporting Files */,
			);
			path = FoodysTests;
			sourceTree = "<group>";
		};
		DF4DB87418FC450000C225EC /* Supporting Files */ = {
			isa = PBXGroup;
			children = (
				DF4DB87518FC450000C225EC /* FoodysTests-Info.plist */,
				DF4DB87618FC450000C225EC /* InfoPlist.strings */,
			);
			name = "Supporting Files";
			sourceTree = "<group>";
		};
/* End PBXGroup section */

/* Begin PBXNativeTarget section */
		DF4DB84A18FC44FF00C225EC /* Foodys */ = {
			isa = PBXNativeTarget;
			buildConfigurationList = DF4DB87D18FC450000C225EC /* Build configuration list for PBXNativeTarget "Foodys" */;
			buildPhases = (
				DF4DB84718FC44FF00C225EC /* Sources */,
				DF4DB84818FC44FF00C225EC /* Frameworks */,
				DF4DB84918FC44FF00C225EC /* Resources */,
			);
			buildRules = (
			);
			dependencies = (
			);
			name = Foodys;
			productName = Foodys;
			productReference = DF4DB84B18FC44FF00C225EC /* Foodys.app */;
			productType = "com.apple.product-type.application";
		};
		DF4DB86B18FC450000C225EC /* FoodysTests */ = {
			isa = PBXNativeTarget;
			buildConfigurationList = DF4DB88018FC450000C225EC /* Build configuration list for PBXNativeTarget "FoodysTests" */;
			buildPhases = (
				DF4DB86818FC450000C225EC /* Sources */,
				DF4DB86918FC450000C225EC /* Frameworks */,
				DF4DB86A18FC450000C225EC /* Resources */,
			);
			buildRules = (
			);
			dependencies = (
				DF4DB87218FC450000C225EC /* PBXTargetDependency */,
			);
			name = FoodysTests;
			productName = FoodysTests;
			productReference = DF4DB86C18FC450000C225EC /* FoodysTests.xctest */;
			productType = "com.apple.product-type.bundle.unit-test";
		};
/* End PBXNativeTarget section */

/* Begin PBXProject section */
		DF4DB84318FC44FF00C225EC /* Project object */ = {
			isa = PBXProject;
			attributes = {
				LastUpgradeCheck = 0510;
				ORGANIZATIONNAME = "Christopher Gu";
				TargetAttributes = {
					DF4DB86B18FC450000C225EC = {
						TestTargetID = DF4DB84A18FC44FF00C225EC;
					};
				};
			};
			buildConfigurationList = DF4DB84618FC44FF00C225EC /* Build configuration list for PBXProject "Foodys" */;
			compatibilityVersion = "Xcode 3.2";
			developmentRegion = English;
			hasScannedForEncodings = 0;
			knownRegions = (
				en,
				Base,
			);
			mainGroup = DF4DB84218FC44FF00C225EC;
			productRefGroup = DF4DB84C18FC44FF00C225EC /* Products */;
			projectDirPath = "";
			projectRoot = "";
			targets = (
				DF4DB84A18FC44FF00C225EC /* Foodys */,
				DF4DB86B18FC450000C225EC /* FoodysTests */,
			);
		};
/* End PBXProject section */

/* Begin PBXResourcesBuildPhase section */
		DF4DB84918FC44FF00C225EC /* Resources */ = {
			isa = PBXResourcesBuildPhase;
			buildActionMask = 2147483647;
			files = (
				43C0B86E190F1502007A6CF2 /* NotoSans-Bold.ttf in Resources */,
				DF4DB86718FC450000C225EC /* Images.xcassets in Resources */,
				43C0B89A19107A78007A6CF2 /* nevis.ttf in Resources */,
				43C0B86F190F1502007A6CF2 /* NotoSans-BoldItalic.ttf in Resources */,
				43C0B870190F1502007A6CF2 /* NotoSans-Italic.ttf in Resources */,
				DF4DB8A818FC60B200C225EC /* Storyboard.storyboard in Resources */,
				DF4DB85918FC450000C225EC /* InfoPlist.strings in Resources */,
				43C0B871190F1502007A6CF2 /* NotoSans-Regular.ttf in Resources */,
			);
			runOnlyForDeploymentPostprocessing = 0;
		};
		DF4DB86A18FC450000C225EC /* Resources */ = {
			isa = PBXResourcesBuildPhase;
			buildActionMask = 2147483647;
			files = (
				DF4DB87818FC450000C225EC /* InfoPlist.strings in Resources */,
			);
			runOnlyForDeploymentPostprocessing = 0;
		};
/* End PBXResourcesBuildPhase section */

/* Begin PBXSourcesBuildPhase section */
		DF4DB84718FC44FF00C225EC /* Sources */ = {
			isa = PBXSourcesBuildPhase;
			buildActionMask = 2147483647;
			files = (
				DF11A01618FD9F8A00CAB607 /* CollectionViewCellWithImageThatFlips.m in Sources */,
				43C0B88019100518007A6CF2 /* TestFont.m in Sources */,
				DFF5021B1902136500EA4D80 /* AdvancedSearchViewController.m in Sources */,
				DF4DB8A318FC505400C225EC /* LogInViewController.m in Sources */,
				DF4DB8A618FC508800C225EC /* ProfileViewController.m in Sources */,
				DF11A01018FD905500CAB607 /* FriendsFriendsViewController.m in Sources */,
				DF4DB85F18FC450000C225EC /* AppDelegate.m in Sources */,
				DF28E26818FCBD5900E3D4F5 /* FriendsViewController.m in Sources */,
				DF11A01318FD9A7400CAB607 /* AllUserBrowseViewController.m in Sources */,
				DF30B1A6190F3E8E00D2C1C3 /* SeeRecommendationViewController.m in Sources */,
				DF4DB89A18FC4EFF00C225EC /* SearchViewController.m in Sources */,
				43A207B018FC987E00061C02 /* ResultsTableViewCell.m in Sources */,
				DF4DB85B18FC450000C225EC /* main.m in Sources */,
				DF4DB8A018FC4FBC00C225EC /* SignInViewController.m in Sources */,
				DF0B3A7419083BFD00EFCF43 /* AddFriendsViewController.m in Sources */,
				DF4DB89D18FC4F2B00C225EC /* RestaurantViewController.m in Sources */,
				DF11A01918FDBF3A00CAB607 /* AddFriendButton.m in Sources */,
				DFE1B0FE1900E9CA0090F929 /* RestaurantMenuTableViewCell.m in Sources */,
				DF28E26B18FCC22E00E3D4F5 /* CollectionViewCellWithImage.m in Sources */,
				DF11A00D18FD7C6800CAB607 /* FriendProfileViewController.m in Sources */,
				DFF936FE19043BBD00843509 /* WebViewController.m in Sources */,
				43E412FF18FF397D008D7431 /* NewsViewController.m in Sources */,
				43A04C13190566000078E5D9 /* NewsTableViewCell.m in Sources */,
				DF14E31018FEDD6800E4DDCF /* ShareViewController.m in Sources */,
				DF4DB8AB18FC706D00C225EC /* ShowMoreResultsViewController.m in Sources */,
				DF0A6C2C18FF5FE90064DA6B /* NewsDetailViewController.m in Sources */,
			);
			runOnlyForDeploymentPostprocessing = 0;
		};
		DF4DB86818FC450000C225EC /* Sources */ = {
			isa = PBXSourcesBuildPhase;
			buildActionMask = 2147483647;
			files = (
				DF4DB87A18FC450000C225EC /* FoodysTests.m in Sources */,
			);
			runOnlyForDeploymentPostprocessing = 0;
		};
/* End PBXSourcesBuildPhase section */

/* Begin PBXTargetDependency section */
		DF4DB87218FC450000C225EC /* PBXTargetDependency */ = {
			isa = PBXTargetDependency;
			target = DF4DB84A18FC44FF00C225EC /* Foodys */;
			targetProxy = DF4DB87118FC450000C225EC /* PBXContainerItemProxy */;
		};
/* End PBXTargetDependency section */

/* Begin PBXVariantGroup section */
		DF4DB85718FC450000C225EC /* InfoPlist.strings */ = {
			isa = PBXVariantGroup;
			children = (
				DF4DB85818FC450000C225EC /* en */,
			);
			name = InfoPlist.strings;
			sourceTree = "<group>";
		};
		DF4DB87618FC450000C225EC /* InfoPlist.strings */ = {
			isa = PBXVariantGroup;
			children = (
				DF4DB87718FC450000C225EC /* en */,
			);
			name = InfoPlist.strings;
			sourceTree = "<group>";
		};
/* End PBXVariantGroup section */

/* Begin XCBuildConfiguration section */
		DF4DB87B18FC450000C225EC /* Debug */ = {
			isa = XCBuildConfiguration;
			buildSettings = {
				ALWAYS_SEARCH_USER_PATHS = NO;
				CLANG_CXX_LANGUAGE_STANDARD = "gnu++0x";
				CLANG_CXX_LIBRARY = "libc++";
				CLANG_ENABLE_MODULES = YES;
				CLANG_ENABLE_OBJC_ARC = YES;
				CLANG_WARN_BOOL_CONVERSION = YES;
				CLANG_WARN_CONSTANT_CONVERSION = YES;
				CLANG_WARN_DIRECT_OBJC_ISA_USAGE = YES_ERROR;
				CLANG_WARN_EMPTY_BODY = YES;
				CLANG_WARN_ENUM_CONVERSION = YES;
				CLANG_WARN_INT_CONVERSION = YES;
				CLANG_WARN_OBJC_ROOT_CLASS = YES_ERROR;
				CLANG_WARN__DUPLICATE_METHOD_MATCH = YES;
				"CODE_SIGN_IDENTITY[sdk=iphoneos*]" = "iPhone Developer";
				COPY_PHASE_STRIP = NO;
				GCC_C_LANGUAGE_STANDARD = gnu99;
				GCC_DYNAMIC_NO_PIC = NO;
				GCC_OPTIMIZATION_LEVEL = 0;
				GCC_PREPROCESSOR_DEFINITIONS = (
					"DEBUG=1",
					"$(inherited)",
				);
				GCC_SYMBOLS_PRIVATE_EXTERN = NO;
				GCC_WARN_64_TO_32_BIT_CONVERSION = YES;
				GCC_WARN_ABOUT_RETURN_TYPE = YES_ERROR;
				GCC_WARN_UNDECLARED_SELECTOR = YES;
				GCC_WARN_UNINITIALIZED_AUTOS = YES_AGGRESSIVE;
				GCC_WARN_UNUSED_FUNCTION = YES;
				GCC_WARN_UNUSED_VARIABLE = YES;
				IPHONEOS_DEPLOYMENT_TARGET = 7.1;
				ONLY_ACTIVE_ARCH = YES;
				PROVISIONING_PROFILE = "2E71C144-F68C-42CD-8FC8-DF1F2194B027";
				SDKROOT = iphoneos;
			};
			name = Debug;
		};
		DF4DB87C18FC450000C225EC /* Release */ = {
			isa = XCBuildConfiguration;
			buildSettings = {
				ALWAYS_SEARCH_USER_PATHS = NO;
				CLANG_CXX_LANGUAGE_STANDARD = "gnu++0x";
				CLANG_CXX_LIBRARY = "libc++";
				CLANG_ENABLE_MODULES = YES;
				CLANG_ENABLE_OBJC_ARC = YES;
				CLANG_WARN_BOOL_CONVERSION = YES;
				CLANG_WARN_CONSTANT_CONVERSION = YES;
				CLANG_WARN_DIRECT_OBJC_ISA_USAGE = YES_ERROR;
				CLANG_WARN_EMPTY_BODY = YES;
				CLANG_WARN_ENUM_CONVERSION = YES;
				CLANG_WARN_INT_CONVERSION = YES;
				CLANG_WARN_OBJC_ROOT_CLASS = YES_ERROR;
				CLANG_WARN__DUPLICATE_METHOD_MATCH = YES;
				"CODE_SIGN_IDENTITY[sdk=iphoneos*]" = "iPhone Developer";
				COPY_PHASE_STRIP = YES;
				ENABLE_NS_ASSERTIONS = NO;
				GCC_C_LANGUAGE_STANDARD = gnu99;
				GCC_WARN_64_TO_32_BIT_CONVERSION = YES;
				GCC_WARN_ABOUT_RETURN_TYPE = YES_ERROR;
				GCC_WARN_UNDECLARED_SELECTOR = YES;
				GCC_WARN_UNINITIALIZED_AUTOS = YES_AGGRESSIVE;
				GCC_WARN_UNUSED_FUNCTION = YES;
				GCC_WARN_UNUSED_VARIABLE = YES;
				IPHONEOS_DEPLOYMENT_TARGET = 7.1;
				PROVISIONING_PROFILE = "2E71C144-F68C-42CD-8FC8-DF1F2194B027";
				SDKROOT = iphoneos;
				VALIDATE_PRODUCT = YES;
			};
			name = Release;
		};
		DF4DB87E18FC450000C225EC /* Debug */ = {
			isa = XCBuildConfiguration;
			buildSettings = {
				ASSETCATALOG_COMPILER_APPICON_NAME = AppIcon;
				ASSETCATALOG_COMPILER_LAUNCHIMAGE_NAME = LaunchImage;
				FRAMEWORK_SEARCH_PATHS = (
					"$(inherited)",
					"$(DEVELOPER_FRAMEWORKS_DIR)",
					"$(PROJECT_DIR)",
				);
				GCC_PRECOMPILE_PREFIX_HEADER = YES;
				GCC_PREFIX_HEADER = "Foodys/Foodys-Prefix.pch";
				INFOPLIST_FILE = "Foodys/Foodys-Info.plist";
				IPHONEOS_DEPLOYMENT_TARGET = 7.1;
				PRODUCT_NAME = "$(TARGET_NAME)";
				PROVISIONING_PROFILE = "2E71C144-F68C-42CD-8FC8-DF1F2194B027";
				WRAPPER_EXTENSION = app;
			};
			name = Debug;
		};
		DF4DB87F18FC450000C225EC /* Release */ = {
			isa = XCBuildConfiguration;
			buildSettings = {
				ASSETCATALOG_COMPILER_APPICON_NAME = AppIcon;
				ASSETCATALOG_COMPILER_LAUNCHIMAGE_NAME = LaunchImage;
				FRAMEWORK_SEARCH_PATHS = (
					"$(inherited)",
					"$(DEVELOPER_FRAMEWORKS_DIR)",
					"$(PROJECT_DIR)",
				);
				GCC_PRECOMPILE_PREFIX_HEADER = YES;
				GCC_PREFIX_HEADER = "Foodys/Foodys-Prefix.pch";
				INFOPLIST_FILE = "Foodys/Foodys-Info.plist";
				IPHONEOS_DEPLOYMENT_TARGET = 7.1;
				PRODUCT_NAME = "$(TARGET_NAME)";
				PROVISIONING_PROFILE = "2E71C144-F68C-42CD-8FC8-DF1F2194B027";
				WRAPPER_EXTENSION = app;
			};
			name = Release;
		};
		DF4DB88118FC450000C225EC /* Debug */ = {
			isa = XCBuildConfiguration;
			buildSettings = {
				BUNDLE_LOADER = "$(BUILT_PRODUCTS_DIR)/Foodys.app/Foodys";
				FRAMEWORK_SEARCH_PATHS = (
					"$(SDKROOT)/Developer/Library/Frameworks",
					"$(inherited)",
					"$(DEVELOPER_FRAMEWORKS_DIR)",
				);
				GCC_PRECOMPILE_PREFIX_HEADER = YES;
				GCC_PREFIX_HEADER = "Foodys/Foodys-Prefix.pch";
				GCC_PREPROCESSOR_DEFINITIONS = (
					"DEBUG=1",
					"$(inherited)",
				);
				INFOPLIST_FILE = "FoodysTests/FoodysTests-Info.plist";
				PRODUCT_NAME = "$(TARGET_NAME)";
				TEST_HOST = "$(BUNDLE_LOADER)";
				WRAPPER_EXTENSION = xctest;
			};
			name = Debug;
		};
		DF4DB88218FC450000C225EC /* Release */ = {
			isa = XCBuildConfiguration;
			buildSettings = {
				BUNDLE_LOADER = "$(BUILT_PRODUCTS_DIR)/Foodys.app/Foodys";
				FRAMEWORK_SEARCH_PATHS = (
					"$(SDKROOT)/Developer/Library/Frameworks",
					"$(inherited)",
					"$(DEVELOPER_FRAMEWORKS_DIR)",
				);
				GCC_PRECOMPILE_PREFIX_HEADER = YES;
				GCC_PREFIX_HEADER = "Foodys/Foodys-Prefix.pch";
				INFOPLIST_FILE = "FoodysTests/FoodysTests-Info.plist";
				PRODUCT_NAME = "$(TARGET_NAME)";
				TEST_HOST = "$(BUNDLE_LOADER)";
				WRAPPER_EXTENSION = xctest;
			};
			name = Release;
		};
/* End XCBuildConfiguration section */

/* Begin XCConfigurationList section */
		DF4DB84618FC44FF00C225EC /* Build configuration list for PBXProject "Foodys" */ = {
			isa = XCConfigurationList;
			buildConfigurations = (
				DF4DB87B18FC450000C225EC /* Debug */,
				DF4DB87C18FC450000C225EC /* Release */,
			);
			defaultConfigurationIsVisible = 0;
			defaultConfigurationName = Release;
		};
		DF4DB87D18FC450000C225EC /* Build configuration list for PBXNativeTarget "Foodys" */ = {
			isa = XCConfigurationList;
			buildConfigurations = (
				DF4DB87E18FC450000C225EC /* Debug */,
				DF4DB87F18FC450000C225EC /* Release */,
			);
			defaultConfigurationIsVisible = 0;
			defaultConfigurationName = Release;
		};
		DF4DB88018FC450000C225EC /* Build configuration list for PBXNativeTarget "FoodysTests" */ = {
			isa = XCConfigurationList;
			buildConfigurations = (
				DF4DB88118FC450000C225EC /* Debug */,
				DF4DB88218FC450000C225EC /* Release */,
			);
			defaultConfigurationIsVisible = 0;
			defaultConfigurationName = Release;
		};
/* End XCConfigurationList section */
	};
	rootObject = DF4DB84318FC44FF00C225EC /* Project object */;
}
